lockfileVersion: '9.0'

settings:
  autoInstallPeers: true
  excludeLinksFromLockfile: false

importers:

  .:
    dependencies:
      Client:
        specifier: link:src\Client
        version: link:src/Client
      daisyui:
        specifier: ^5.0.43
        version: 5.0.43
      tailwindcss:
        specifier: ^4.1.8
        version: 4.1.8

packages:

  daisyui@5.0.43:
    resolution: {integrity: sha512-2pshHJ73vetSpsbAyaOncGnNYL0mwvgseS1EWy1I9Qpw8D11OuBoDNIWrPIME4UFcq2xuff3A9x+eXbuFR9fUQ==}

  tailwindcss@4.1.8:
    resolution: {integrity: sha512-kjeW8gjdxasbmFKpVGrGd5T4i40mV5J2Rasw48QARfYeQ8YS9x02ON9SFWax3Qf616rt4Cp3nVNIj6Hd1mP3og==}

snapshots:

  daisyui@5.0.43: {}

  tailwindcss@4.1.8: {}
